
Microsoft Visual Studio Solution File, Format Version 12.00
# Visual Studio Version 17
VisualStudioVersion = 17.8.34525.116
MinimumVisualStudioVersion = 10.0.40219.1
Project("{9A19103F-16F7-4668-BE54-9A1E7A4F7556}") = "LeVietHungWPF", "LeVietHungWPF\LeVietHungWPF.csproj", "{21172D58-82EB-4B4F-A32A-AB8DE4EBC88B}"
EndProject
Project("{9A19103F-16F7-4668-BE54-9A1E7A4F7556}") = "BusinessObject", "BusinessObject\BusinessObject.csproj", "{2336AA10-E699-49B6-ADB9-14EC7DEEFC8C}"
EndProject
Project("{9A19103F-16F7-4668-BE54-9A1E7A4F7556}") = "DataAccess", "DataAccess\DataAccess.csproj", "{67719A2C-754B-4DB3-8C18-1569ADC18FAD}"
EndProject
Global
	GlobalSection(SolutionConfigurationPlatforms) = preSolution
		Debug|Any CPU = Debug|Any CPU
		Release|Any CPU = Release|Any CPU
	EndGlobalSection
	GlobalSection(ProjectConfigurationPlatforms) = postSolution
		{21172D58-82EB-4B4F-A32A-AB8DE4EBC88B}.Debug|Any CPU.ActiveCfg = Debug|Any CPU
		{21172D58-82EB-4B4F-A32A-AB8DE4EBC88B}.Debug|Any CPU.Build.0 = Debug|Any CPU
		{21172D58-82EB-4B4F-A32A-AB8DE4EBC88B}.Release|Any CPU.ActiveCfg = Release|Any CPU
		{21172D58-82EB-4B4F-A32A-AB8DE4EBC88B}.Release|Any CPU.Build.0 = Release|Any CPU
		{2336AA10-E699-49B6-ADB9-14EC7DEEFC8C}.Debug|Any CPU.ActiveCfg = Debug|Any CPU
		{2336AA10-E699-49B6-ADB9-14EC7DEEFC8C}.Debug|Any CPU.Build.0 = Debug|Any CPU
		{2336AA10-E699-49B6-ADB9-14EC7DEEFC8C}.Release|Any CPU.ActiveCfg = Release|Any CPU
		{2336AA10-E699-49B6-ADB9-14EC7DEEFC8C}.Release|Any CPU.Build.0 = Release|Any CPU
		{67719A2C-754B-4DB3-8C18-1569ADC18FAD}.Debug|Any CPU.ActiveCfg = Debug|Any CPU
		{67719A2C-754B-4DB3-8C18-1569ADC18FAD}.Debug|Any CPU.Build.0 = Debug|Any CPU
		{67719A2C-754B-4DB3-8C18-1569ADC18FAD}.Release|Any CPU.ActiveCfg = Release|Any CPU
		{67719A2C-754B-4DB3-8C18-1569ADC18FAD}.Release|Any CPU.Build.0 = Release|Any CPU
	EndGlobalSection
	GlobalSection(SolutionProperties) = preSolution
		HideSolutionNode = FALSE
	EndGlobalSection
	GlobalSection(ExtensibilityGlobals) = postSolution
		SolutionGuid = {ACD3CF4A-E829-4655-85AE-2E70DBF41344}
	EndGlobalSection
EndGlobal
